[[package]]
name = "appnope"
version = "0.1.3"
description = "Disable App Nap on macOS >= 10.9"
category = "dev"
optional = false
python-versions = "*"

[[package]]
name = "asttokens"
version = "2.1.0"
description = "Annotate AST trees with source code positions"
category = "dev"
optional = false
python-versions = "*"

[package.dependencies]
six = "*"

[package.extras]
test = ["astroid (<=2.5.3)", "pytest"]

[[package]]
name = "backcall"
version = "0.2.0"
description = "Specifications for callback functions passed in to an API"
category = "dev"
optional = false
python-versions = "*"

[[package]]
name = "colorama"
version = "0.4.6"
description = "Cross-platform colored terminal text."
category = "dev"
optional = false
python-versions = "!=3.0.*,!=3.1.*,!=3.2.*,!=3.3.*,!=3.4.*,!=3.5.*,!=3.6.*,>=2.7"

[[package]]
name = "cov-core"
version = "1.15.0"
description = "plugin core for use by pytest-cov, nose-cov and nose2-cov"
category = "dev"
optional = false
python-versions = "*"

[package.dependencies]
coverage = ">=3.6"

[[package]]
name = "coverage"
version = "6.5.0"
description = "Code coverage measurement for Python"
category = "dev"
optional = false
python-versions = ">=3.7"

[package.extras]
toml = ["tomli"]

[[package]]
name = "decorator"
version = "5.1.1"
description = "Decorators for Humans"
category = "dev"
optional = false
python-versions = ">=3.5"

[[package]]
name = "executing"
version = "1.2.0"
description = "Get the currently executing AST node of a frame, and other information"
category = "dev"
optional = false
python-versions = "*"

[package.extras]
tests = ["asttokens", "littleutils", "pytest", "rich"]

[[package]]
name = "flake8"
version = "5.0.4"
description = "the modular source code checker: pep8 pyflakes and co"
category = "dev"
optional = false
python-versions = ">=3.6.1"

[package.dependencies]
mccabe = ">=0.7.0,<0.8.0"
pycodestyle = ">=2.9.0,<2.10.0"
pyflakes = ">=2.5.0,<2.6.0"

[[package]]
name = "ipython"
version = "8.6.0"
description = "IPython: Productive Interactive Computing"
category = "dev"
optional = false
python-versions = ">=3.8"

[package.dependencies]
appnope = {version = "*", markers = "sys_platform == \"darwin\""}
backcall = "*"
colorama = {version = "*", markers = "sys_platform == \"win32\""}
decorator = "*"
jedi = ">=0.16"
matplotlib-inline = "*"
pexpect = {version = ">4.3", markers = "sys_platform != \"win32\""}
pickleshare = "*"
prompt-toolkit = ">3.0.1,<3.1.0"
pygments = ">=2.4.0"
stack-data = "*"
traitlets = ">=5"

[package.extras]
all = ["black", "curio", "docrepr", "ipykernel", "ipyparallel", "ipywidgets", "matplotlib", "matplotlib (!=3.2.0)", "nbconvert", "nbformat", "notebook", "numpy (>=1.20)", "pandas", "pytest (<7)", "pytest (<7.1)", "pytest-asyncio", "qtconsole", "setuptools (>=18.5)", "sphinx (>=1.3)", "sphinx-rtd-theme", "stack-data", "testpath", "trio", "typing-extensions"]
black = ["black"]
doc = ["docrepr", "ipykernel", "matplotlib", "pytest (<7)", "pytest (<7.1)", "pytest-asyncio", "setuptools (>=18.5)", "sphinx (>=1.3)", "sphinx-rtd-theme", "stack-data", "testpath", "typing-extensions"]
kernel = ["ipykernel"]
nbconvert = ["nbconvert"]
nbformat = ["nbformat"]
notebook = ["ipywidgets", "notebook"]
parallel = ["ipyparallel"]
qtconsole = ["qtconsole"]
test = ["pytest (<7.1)", "pytest-asyncio", "testpath"]
test-extra = ["curio", "matplotlib (!=3.2.0)", "nbformat", "numpy (>=1.20)", "pandas", "pytest (<7.1)", "pytest-asyncio", "testpath", "trio"]

[[package]]
name = "jedi"
version = "0.18.2"
description = "An autocompletion tool for Python that can be used for text editors."
category = "dev"
optional = false
python-versions = ">=3.6"

[package.dependencies]
parso = ">=0.8.0,<0.9.0"

[package.extras]
docs = ["Jinja2 (==2.11.3)", "MarkupSafe (==1.1.1)", "Pygments (==2.8.1)", "alabaster (==0.7.12)", "babel (==2.9.1)", "chardet (==4.0.0)", "commonmark (==0.8.1)", "docutils (==0.17.1)", "future (==0.18.2)", "idna (==2.10)", "imagesize (==1.2.0)", "mock (==1.0.1)", "packaging (==20.9)", "pyparsing (==2.4.7)", "pytz (==2021.1)", "readthedocs-sphinx-ext (==2.1.4)", "recommonmark (==0.5.0)", "requests (==2.25.1)", "six (==1.15.0)", "snowballstemmer (==2.1.0)", "sphinx (==1.8.5)", "sphinx-rtd-theme (==0.4.3)", "sphinxcontrib-serializinghtml (==1.1.4)", "sphinxcontrib-websupport (==1.2.4)", "urllib3 (==1.26.4)"]
qa = ["flake8 (==3.8.3)", "mypy (==0.782)"]
testing = ["Django (<3.1)", "attrs", "colorama", "docopt", "pytest (<7.0.0)"]

[[package]]
name = "matplotlib-inline"
version = "0.1.6"
description = "Inline Matplotlib backend for Jupyter"
category = "dev"
optional = false
python-versions = ">=3.5"

[package.dependencies]
traitlets = "*"

[[package]]
name = "mccabe"
version = "0.7.0"
description = "McCabe checker, plugin for flake8"
category = "dev"
optional = false
python-versions = ">=3.6"

[[package]]
name = "nose2"
version = "0.12.0"
description = "unittest2 with plugins, the successor to nose"
category = "dev"
optional = false
python-versions = "*"

[package.extras]
coverage-plugin = ["coverage"]
dev = ["Sphinx", "mock", "sphinx-issues", "sphinx-rtd-theme"]

[[package]]
name = "nose2-cov"
version = "1.0a4"
description = "nose2 plugin for coverage reporting, including subprocesses and multiprocessing"
category = "dev"
optional = false
python-versions = "*"

[package.dependencies]
cov-core = ">=1.6"
nose2 = ">=0.1"

[[package]]
name = "parso"
version = "0.8.3"
description = "A Python Parser"
category = "dev"
optional = false
python-versions = ">=3.6"

[package.extras]
qa = ["flake8 (==3.8.3)", "mypy (==0.782)"]
testing = ["docopt", "pytest (<6.0.0)"]

[[package]]
name = "pexpect"
version = "4.8.0"
description = "Pexpect allows easy control of interactive console applications."
category = "dev"
optional = false
python-versions = "*"

[package.dependencies]
ptyprocess = ">=0.5"

[[package]]
name = "pickleshare"
version = "0.7.5"
description = "Tiny 'shelve'-like database with concurrency support"
category = "dev"
optional = false
python-versions = "*"

[[package]]
name = "prompt-toolkit"
version = "3.0.33"
description = "Library for building powerful interactive command lines in Python"
category = "dev"
optional = false
python-versions = ">=3.6.2"

[package.dependencies]
wcwidth = "*"

[[package]]
name = "ptyprocess"
version = "0.7.0"
description = "Run a subprocess in a pseudo terminal"
category = "dev"
optional = false
python-versions = "*"

[[package]]
name = "pure-eval"
version = "0.2.2"
description = "Safely evaluate AST nodes without side effects"
category = "dev"
optional = false
python-versions = "*"

[package.extras]
tests = ["pytest"]

[[package]]
name = "pyaudio"
version = "0.2.12"
description = "Cross-platform audio I/O with PortAudio"
category = "main"
optional = false
python-versions = "*"

[package.extras]
test = ["numpy"]

[[package]]
name = "pycodestyle"
version = "2.9.1"
description = "Python style guide checker"
category = "dev"
optional = false
python-versions = ">=3.6"

[[package]]
name = "pydub"
version = "0.25.1"
description = "Manipulate audio with an simple and easy high level interface"
category = "main"
optional = false
python-versions = "*"

[[package]]
name = "pyflakes"
version = "2.5.0"
description = "passive checker of Python programs"
category = "dev"
optional = false
python-versions = ">=3.6"

[[package]]
name = "pygments"
version = "2.13.0"
description = "Pygments is a syntax highlighting package written in Python."
category = "dev"
optional = false
python-versions = ">=3.6"

[package.extras]
plugins = ["importlib-metadata"]

[[package]]
name = "pyside6"
version = "6.4.1"
description = "Python bindings for the Qt cross-platform application and UI framework"
category = "main"
optional = false
python-versions = "<3.12,>=3.7"

[package.dependencies]
PySide6-Addons = "6.4.1"
PySide6-Essentials = "6.4.1"
shiboken6 = "6.4.1"

[[package]]
name = "pyside6-addons"
version = "6.4.1"
description = "Python bindings for the Qt cross-platform application and UI framework (Addons)"
category = "main"
optional = false
python-versions = "<3.12,>=3.7"

[package.dependencies]
PySide6-Essentials = "6.4.1"
shiboken6 = "6.4.1"

[[package]]
name = "pyside6-essentials"
version = "6.4.1"
description = "Python bindings for the Qt cross-platform application and UI framework (Essentials)"
category = "main"
optional = false
python-versions = "<3.12,>=3.7"

[package.dependencies]
shiboken6 = "6.4.1"

[[package]]
name = "shiboken6"
version = "6.4.1"
description = "Python/C++ bindings helper module"
category = "main"
optional = false
python-versions = "<3.12,>=3.7"

[[package]]
name = "six"
version = "1.16.0"
description = "Python 2 and 3 compatibility utilities"
category = "dev"
optional = false
python-versions = ">=2.7, !=3.0.*, !=3.1.*, !=3.2.*"

[[package]]
name = "stack-data"
version = "0.6.2"
description = "Extract data from python stack frames and tracebacks for informative displays"
category = "dev"
optional = false
python-versions = "*"

[package.dependencies]
asttokens = ">=2.1.0"
executing = ">=1.2.0"
pure-eval = "*"

[package.extras]
tests = ["cython", "littleutils", "pygments", "pytest", "typeguard"]

[[package]]
name = "traitlets"
version = "5.5.0"
description = ""
category = "dev"
optional = false
python-versions = ">=3.7"

[package.extras]
docs = ["myst-parser", "pydata-sphinx-theme", "sphinx"]
test = ["pre-commit", "pytest"]

[[package]]
name = "wcwidth"
version = "0.2.5"
description = "Measures the displayed width of unicode strings in a terminal"
category = "dev"
optional = false
python-versions = "*"

[metadata]
lock-version = "1.1"
python-versions = ">=3.11,<3.12"
content-hash = "6e16551270bf1954806afe2959a3a5421b8ec7d0bf11da8c01acc0e9247fdfca"

[metadata.files]
appnope = [
    {file = "appnope-0.1.3-py2.py3-none-any.whl", hash = "sha256:265a455292d0bd8a72453494fa24df5a11eb18373a60c7c0430889f22548605e"},
    {file = "appnope-0.1.3.tar.gz", hash = "sha256:02bd91c4de869fbb1e1c50aafc4098827a7a54ab2f39d9dcba6c9547ed920e24"},
]
asttokens = [
    {file = "asttokens-2.1.0-py2.py3-none-any.whl", hash = "sha256:1b28ed85e254b724439afc783d4bee767f780b936c3fe8b3275332f42cf5f561"},
    {file = "asttokens-2.1.0.tar.gz", hash = "sha256:4aa76401a151c8cc572d906aad7aea2a841780834a19d780f4321c0fe1b54635"},
]
backcall = [
    {file = "backcall-0.2.0-py2.py3-none-any.whl", hash = "sha256:fbbce6a29f263178a1f7915c1940bde0ec2b2a967566fe1c65c1dfb7422bd255"},
    {file = "backcall-0.2.0.tar.gz", hash = "sha256:5cbdbf27be5e7cfadb448baf0aa95508f91f2bbc6c6437cd9cd06e2a4c215e1e"},
]
colorama = [
    {file = "colorama-0.4.6-py2.py3-none-any.whl", hash = "sha256:4f1d9991f5acc0ca119f9d443620b77f9d6b33703e51011c16baf57afb285fc6"},
    {file = "colorama-0.4.6.tar.gz", hash = "sha256:08695f5cb7ed6e0531a20572697297273c47b8cae5a63ffc6d6ed5c201be6e44"},
]
cov-core = [
    {file = "cov-core-1.15.0.tar.gz", hash = "sha256:4a14c67d520fda9d42b0da6134638578caae1d374b9bb462d8de00587dba764c"},
]
coverage = [
    {file = "coverage-6.5.0-cp310-cp310-macosx_10_9_x86_64.whl", hash = "sha256:ef8674b0ee8cc11e2d574e3e2998aea5df5ab242e012286824ea3c6970580e53"},
    {file = "coverage-6.5.0-cp310-cp310-macosx_11_0_arm64.whl", hash = "sha256:784f53ebc9f3fd0e2a3f6a78b2be1bd1f5575d7863e10c6e12504f240fd06660"},
    {file = "coverage-6.5.0-cp310-cp310-manylinux_2_17_aarch64.manylinux2014_aarch64.whl", hash = "sha256:b4a5be1748d538a710f87542f22c2cad22f80545a847ad91ce45e77417293eb4"},
    {file = "coverage-6.5.0-cp310-cp310-manylinux_2_5_i686.manylinux1_i686.manylinux_2_17_i686.manylinux2014_i686.whl", hash = "sha256:83516205e254a0cb77d2d7bb3632ee019d93d9f4005de31dca0a8c3667d5bc04"},
    {file = "coverage-6.5.0-cp310-cp310-manylinux_2_5_x86_64.manylinux1_x86_64.manylinux_2_17_x86_64.manylinux2014_x86_64.whl", hash = "sha256:af4fffaffc4067232253715065e30c5a7ec6faac36f8fc8d6f64263b15f74db0"},
    {file = "coverage-6.5.0-cp310-cp310-musllinux_1_1_aarch64.whl", hash = "sha256:97117225cdd992a9c2a5515db1f66b59db634f59d0679ca1fa3fe8da32749cae"},
    {file = "coverage-6.5.0-cp310-cp310-musllinux_1_1_i686.whl", hash = "sha256:a1170fa54185845505fbfa672f1c1ab175446c887cce8212c44149581cf2d466"},
    {file = "coverage-6.5.0-cp310-cp310-musllinux_1_1_x86_64.whl", hash = "sha256:11b990d520ea75e7ee8dcab5bc908072aaada194a794db9f6d7d5cfd19661e5a"},
    {file = "coverage-6.5.0-cp310-cp310-win32.whl", hash = "sha256:5dbec3b9095749390c09ab7c89d314727f18800060d8d24e87f01fb9cfb40b32"},
    {file = "coverage-6.5.0-cp310-cp310-win_amd64.whl", hash = "sha256:59f53f1dc5b656cafb1badd0feb428c1e7bc19b867479ff72f7a9dd9b479f10e"},
    {file = "coverage-6.5.0-cp311-cp311-macosx_10_9_x86_64.whl", hash = "sha256:4a5375e28c5191ac38cca59b38edd33ef4cc914732c916f2929029b4bfb50795"},
    {file = "coverage-6.5.0-cp311-cp311-manylinux_2_17_aarch64.manylinux2014_aarch64.whl", hash = "sha256:c4ed2820d919351f4167e52425e096af41bfabacb1857186c1ea32ff9983ed75"},
    {file = "coverage-6.5.0-cp311-cp311-manylinux_2_5_i686.manylinux1_i686.manylinux_2_17_i686.manylinux2014_i686.whl", hash = "sha256:33a7da4376d5977fbf0a8ed91c4dffaaa8dbf0ddbf4c8eea500a2486d8bc4d7b"},
    {file = "coverage-6.5.0-cp311-cp311-manylinux_2_5_x86_64.manylinux1_x86_64.manylinux_2_17_x86_64.manylinux2014_x86_64.whl", hash = "sha256:a8fb6cf131ac4070c9c5a3e21de0f7dc5a0fbe8bc77c9456ced896c12fcdad91"},
    {file = "coverage-6.5.0-cp311-cp311-musllinux_1_1_aarch64.whl", hash = "sha256:a6b7d95969b8845250586f269e81e5dfdd8ff828ddeb8567a4a2eaa7313460c4"},
    {file = "coverage-6.5.0-cp311-cp311-musllinux_1_1_i686.whl", hash = "sha256:1ef221513e6f68b69ee9e159506d583d31aa3567e0ae84eaad9d6ec1107dddaa"},
    {file = "coverage-6.5.0-cp311-cp311-musllinux_1_1_x86_64.whl", hash = "sha256:cca4435eebea7962a52bdb216dec27215d0df64cf27fc1dd538415f5d2b9da6b"},
    {file = "coverage-6.5.0-cp311-cp311-win32.whl", hash = "sha256:98e8a10b7a314f454d9eff4216a9a94d143a7ee65018dd12442e898ee2310578"},
    {file = "coverage-6.5.0-cp311-cp311-win_amd64.whl", hash = "sha256:bc8ef5e043a2af066fa8cbfc6e708d58017024dc4345a1f9757b329a249f041b"},
    {file = "coverage-6.5.0-cp37-cp37m-macosx_10_9_x86_64.whl", hash = "sha256:4433b90fae13f86fafff0b326453dd42fc9a639a0d9e4eec4d366436d1a41b6d"},
    {file = "coverage-6.5.0-cp37-cp37m-manylinux_2_17_aarch64.manylinux2014_aarch64.whl", hash = "sha256:f4f05d88d9a80ad3cac6244d36dd89a3c00abc16371769f1340101d3cb899fc3"},
    {file = "coverage-6.5.0-cp37-cp37m-manylinux_2_5_i686.manylinux1_i686.manylinux_2_17_i686.manylinux2014_i686.whl", hash = "sha256:94e2565443291bd778421856bc975d351738963071e9b8839ca1fc08b42d4bef"},
    {file = "coverage-6.5.0-cp37-cp37m-manylinux_2_5_x86_64.manylinux1_x86_64.manylinux_2_17_x86_64.manylinux2014_x86_64.whl", hash = "sha256:027018943386e7b942fa832372ebc120155fd970837489896099f5cfa2890f79"},
    {file = "coverage-6.5.0-cp37-cp37m-musllinux_1_1_aarch64.whl", hash = "sha256:255758a1e3b61db372ec2736c8e2a1fdfaf563977eedbdf131de003ca5779b7d"},
    {file = "coverage-6.5.0-cp37-cp37m-musllinux_1_1_i686.whl", hash = "sha256:851cf4ff24062c6aec510a454b2584f6e998cada52d4cb58c5e233d07172e50c"},
    {file = "coverage-6.5.0-cp37-cp37m-musllinux_1_1_x86_64.whl", hash = "sha256:12adf310e4aafddc58afdb04d686795f33f4d7a6fa67a7a9d4ce7d6ae24d949f"},
    {file = "coverage-6.5.0-cp37-cp37m-win32.whl", hash = "sha256:b5604380f3415ba69de87a289a2b56687faa4fe04dbee0754bfcae433489316b"},
    {file = "coverage-6.5.0-cp37-cp37m-win_amd64.whl", hash = "sha256:4a8dbc1f0fbb2ae3de73eb0bdbb914180c7abfbf258e90b311dcd4f585d44bd2"},
    {file = "coverage-6.5.0-cp38-cp38-macosx_10_9_x86_64.whl", hash = "sha256:d900bb429fdfd7f511f868cedd03a6bbb142f3f9118c09b99ef8dc9bf9643c3c"},
    {file = "coverage-6.5.0-cp38-cp38-macosx_11_0_arm64.whl", hash = "sha256:2198ea6fc548de52adc826f62cb18554caedfb1d26548c1b7c88d8f7faa8f6ba"},
    {file = "coverage-6.5.0-cp38-cp38-manylinux_2_17_aarch64.manylinux2014_aarch64.whl", hash = "sha256:6c4459b3de97b75e3bd6b7d4b7f0db13f17f504f3d13e2a7c623786289dd670e"},
    {file = "coverage-6.5.0-cp38-cp38-manylinux_2_5_i686.manylinux1_i686.manylinux_2_17_i686.manylinux2014_i686.whl", hash = "sha256:20c8ac5386253717e5ccc827caad43ed66fea0efe255727b1053a8154d952398"},
    {file = "coverage-6.5.0-cp38-cp38-manylinux_2_5_x86_64.manylinux1_x86_64.manylinux_2_17_x86_64.manylinux2014_x86_64.whl", hash = "sha256:6b07130585d54fe8dff3d97b93b0e20290de974dc8177c320aeaf23459219c0b"},
    {file = "coverage-6.5.0-cp38-cp38-musllinux_1_1_aarch64.whl", hash = "sha256:dbdb91cd8c048c2b09eb17713b0c12a54fbd587d79adcebad543bc0cd9a3410b"},
    {file = "coverage-6.5.0-cp38-cp38-musllinux_1_1_i686.whl", hash = "sha256:de3001a203182842a4630e7b8d1a2c7c07ec1b45d3084a83d5d227a3806f530f"},
    {file = "coverage-6.5.0-cp38-cp38-musllinux_1_1_x86_64.whl", hash = "sha256:e07f4a4a9b41583d6eabec04f8b68076ab3cd44c20bd29332c6572dda36f372e"},
    {file = "coverage-6.5.0-cp38-cp38-win32.whl", hash = "sha256:6d4817234349a80dbf03640cec6109cd90cba068330703fa65ddf56b60223a6d"},
    {file = "coverage-6.5.0-cp38-cp38-win_amd64.whl", hash = "sha256:7ccf362abd726b0410bf8911c31fbf97f09f8f1061f8c1cf03dfc4b6372848f6"},
    {file = "coverage-6.5.0-cp39-cp39-macosx_10_9_x86_64.whl", hash = "sha256:633713d70ad6bfc49b34ead4060531658dc6dfc9b3eb7d8a716d5873377ab745"},
    {file = "coverage-6.5.0-cp39-cp39-macosx_11_0_arm64.whl", hash = "sha256:95203854f974e07af96358c0b261f1048d8e1083f2de9b1c565e1be4a3a48cfc"},
    {file = "coverage-6.5.0-cp39-cp39-manylinux_2_17_aarch64.manylinux2014_aarch64.whl", hash = "sha256:b9023e237f4c02ff739581ef35969c3739445fb059b060ca51771e69101efffe"},
    {file = "coverage-6.5.0-cp39-cp39-manylinux_2_5_i686.manylinux1_i686.manylinux_2_17_i686.manylinux2014_i686.whl", hash = "sha256:265de0fa6778d07de30bcf4d9dc471c3dc4314a23a3c6603d356a3c9abc2dfcf"},
    {file = "coverage-6.5.0-cp39-cp39-manylinux_2_5_x86_64.manylinux1_x86_64.manylinux_2_17_x86_64.manylinux2014_x86_64.whl", hash = "sha256:8f830ed581b45b82451a40faabb89c84e1a998124ee4212d440e9c6cf70083e5"},
    {file = "coverage-6.5.0-cp39-cp39-musllinux_1_1_aarch64.whl", hash = "sha256:7b6be138d61e458e18d8e6ddcddd36dd96215edfe5f1168de0b1b32635839b62"},
    {file = "coverage-6.5.0-cp39-cp39-musllinux_1_1_i686.whl", hash = "sha256:42eafe6778551cf006a7c43153af1211c3aaab658d4d66fa5fcc021613d02518"},
    {file = "coverage-6.5.0-cp39-cp39-musllinux_1_1_x86_64.whl", hash = "sha256:723e8130d4ecc8f56e9a611e73b31219595baa3bb252d539206f7bbbab6ffc1f"},
    {file = "coverage-6.5.0-cp39-cp39-win32.whl", hash = "sha256:d9ecf0829c6a62b9b573c7bb6d4dcd6ba8b6f80be9ba4fc7ed50bf4ac9aecd72"},
    {file = "coverage-6.5.0-cp39-cp39-win_amd64.whl", hash = "sha256:fc2af30ed0d5ae0b1abdb4ebdce598eafd5b35397d4d75deb341a614d333d987"},
    {file = "coverage-6.5.0-pp36.pp37.pp38-none-any.whl", hash = "sha256:1431986dac3923c5945271f169f59c45b8802a114c8f548d611f2015133df77a"},
    {file = "coverage-6.5.0.tar.gz", hash = "sha256:f642e90754ee3e06b0e7e51bce3379590e76b7f76b708e1a71ff043f87025c84"},
]
decorator = [
    {file = "decorator-5.1.1-py3-none-any.whl", hash = "sha256:b8c3f85900b9dc423225913c5aace94729fe1fa9763b38939a95226f02d37186"},
    {file = "decorator-5.1.1.tar.gz", hash = "sha256:637996211036b6385ef91435e4fae22989472f9d571faba8927ba8253acbc330"},
]
executing = [
    {file = "executing-1.2.0-py2.py3-none-any.whl", hash = "sha256:0314a69e37426e3608aada02473b4161d4caf5a4b244d1d0c48072b8fee7bacc"},
    {file = "executing-1.2.0.tar.gz", hash = "sha256:19da64c18d2d851112f09c287f8d3dbbdf725ab0e569077efb6cdcbd3497c107"},
]
flake8 = [
    {file = "flake8-5.0.4-py2.py3-none-any.whl", hash = "sha256:7a1cf6b73744f5806ab95e526f6f0d8c01c66d7bbe349562d22dfca20610b248"},
    {file = "flake8-5.0.4.tar.gz", hash = "sha256:6fbe320aad8d6b95cec8b8e47bc933004678dc63095be98528b7bdd2a9f510db"},
]
ipython = [
    {file = "ipython-8.6.0-py3-none-any.whl", hash = "sha256:91ef03016bcf72dd17190f863476e7c799c6126ec7e8be97719d1bc9a78a59a4"},
    {file = "ipython-8.6.0.tar.gz", hash = "sha256:7c959e3dedbf7ed81f9b9d8833df252c430610e2a4a6464ec13cd20975ce20a5"},
]
jedi = [
    {file = "jedi-0.18.2-py2.py3-none-any.whl", hash = "sha256:203c1fd9d969ab8f2119ec0a3342e0b49910045abe6af0a3ae83a5764d54639e"},
    {file = "jedi-0.18.2.tar.gz", hash = "sha256:bae794c30d07f6d910d32a7048af09b5a39ed740918da923c6b780790ebac612"},
]
matplotlib-inline = [
    {file = "matplotlib-inline-0.1.6.tar.gz", hash = "sha256:f887e5f10ba98e8d2b150ddcf4702c1e5f8b3a20005eb0f74bfdbd360ee6f304"},
    {file = "matplotlib_inline-0.1.6-py3-none-any.whl", hash = "sha256:f1f41aab5328aa5aaea9b16d083b128102f8712542f819fe7e6a420ff581b311"},
]
mccabe = [
    {file = "mccabe-0.7.0-py2.py3-none-any.whl", hash = "sha256:6c2d30ab6be0e4a46919781807b4f0d834ebdd6c6e3dca0bda5a15f863427b6e"},
    {file = "mccabe-0.7.0.tar.gz", hash = "sha256:348e0240c33b60bbdf4e523192ef919f28cb2c3d7d5c7794f74009290f236325"},
]
nose2 = [
    {file = "nose2-0.12.0-py2.py3-none-any.whl", hash = "sha256:da7eb5e3cbe2abb693a053e17b4fbefca98ea9ea79fc729b0b0f41e8b4196304"},
    {file = "nose2-0.12.0.tar.gz", hash = "sha256:956e79b9bd558ee08b6200c05ad2c76465b7e3860c0c0537686089285c320113"},
]
nose2-cov = [
    {file = "nose2-cov-1.0a4.tar.gz", hash = "sha256:4b707ebc4caff3292bf2a21ad6c1833b137a798a9045640adeec7965706b0f8f"},
]
parso = [
    {file = "parso-0.8.3-py2.py3-none-any.whl", hash = "sha256:c001d4636cd3aecdaf33cbb40aebb59b094be2a74c556778ef5576c175e19e75"},
    {file = "parso-0.8.3.tar.gz", hash = "sha256:8c07be290bb59f03588915921e29e8a50002acaf2cdc5fa0e0114f91709fafa0"},
]
pexpect = [
    {file = "pexpect-4.8.0-py2.py3-none-any.whl", hash = "sha256:0b48a55dcb3c05f3329815901ea4fc1537514d6ba867a152b581d69ae3710937"},
    {file = "pexpect-4.8.0.tar.gz", hash = "sha256:fc65a43959d153d0114afe13997d439c22823a27cefceb5ff35c2178c6784c0c"},
]
pickleshare = [
    {file = "pickleshare-0.7.5-py2.py3-none-any.whl", hash = "sha256:9649af414d74d4df115d5d718f82acb59c9d418196b7b4290ed47a12ce62df56"},
    {file = "pickleshare-0.7.5.tar.gz", hash = "sha256:87683d47965c1da65cdacaf31c8441d12b8044cdec9aca500cd78fc2c683afca"},
]
prompt-toolkit = [
    {file = "prompt_toolkit-3.0.33-py3-none-any.whl", hash = "sha256:ced598b222f6f4029c0800cefaa6a17373fb580cd093223003475ce32805c35b"},
    {file = "prompt_toolkit-3.0.33.tar.gz", hash = "sha256:535c29c31216c77302877d5120aef6c94ff573748a5b5ca5b1b1f76f5e700c73"},
]
ptyprocess = [
    {file = "ptyprocess-0.7.0-py2.py3-none-any.whl", hash = "sha256:4b41f3967fce3af57cc7e94b888626c18bf37a083e3651ca8feeb66d492fef35"},
    {file = "ptyprocess-0.7.0.tar.gz", hash = "sha256:5c5d0a3b48ceee0b48485e0c26037c0acd7d29765ca3fbb5cb3831d347423220"},
]
pure-eval = [
    {file = "pure_eval-0.2.2-py3-none-any.whl", hash = "sha256:01eaab343580944bc56080ebe0a674b39ec44a945e6d09ba7db3cb8cec289350"},
    {file = "pure_eval-0.2.2.tar.gz", hash = "sha256:2b45320af6dfaa1750f543d714b6d1c520a1688dec6fd24d339063ce0aaa9ac3"},
]
pyaudio = [
    {file = "PyAudio-0.2.12-cp310-cp310-win32.whl", hash = "sha256:71fc1688732fced907ae707d609cc3eead9fa05baf703bf08885f71a8fd9c658"},
    {file = "PyAudio-0.2.12-cp310-cp310-win_amd64.whl", hash = "sha256:ffa235c220992e417e5a462f6d73ffb1be54b683005a1c6b185139580f59e234"},
    {file = "PyAudio-0.2.12-cp311-cp311-win32.whl", hash = "sha256:5678725eb828742ea3febf381b1bd0bb94ba76c35e5e0daeab84e4c50f9f5d47"},
    {file = "PyAudio-0.2.12-cp311-cp311-win_amd64.whl", hash = "sha256:19f654bd516154a655d9569d12d2a86ab5dfd58d039c0e4c6d1a26ec4ca02d89"},
    {file = "PyAudio-0.2.12-cp37-cp37m-win32.whl", hash = "sha256:d89f065adc0058df90ec59aa6b35c1c036f17bb4323fb68b4267c12924e9553e"},
    {file = "PyAudio-0.2.12-cp37-cp37m-win_amd64.whl", hash = "sha256:2f4206c6a8d2eeb2d1f054c69e3741c8634cfafe7887be4950a2f7d273700f8a"},
    {file = "PyAudio-0.2.12-cp38-cp38-win32.whl", hash = "sha256:0f9debc6e47b6a5a4fe9da9d213d4bfe5e8096e68f0612f1b9097e3253eeea4d"},
    {file = "PyAudio-0.2.12-cp38-cp38-win_amd64.whl", hash = "sha256:1c29930cf2e392d8b21a4c6253efe39d7400e37d61a7991756d3b00a46bf18ce"},
    {file = "PyAudio-0.2.12-cp39-cp39-win32.whl", hash = "sha256:dafe891903402694a0fc87663bdb9b89e7fa66872446c5ef0c9d71ac4780cf1d"},
    {file = "PyAudio-0.2.12-cp39-cp39-win_amd64.whl", hash = "sha256:880aff391a73ff5e94bae73e32d3b8e27e988a93afec2dd9c74dcd92c305f8cc"},
    {file = "PyAudio-0.2.12.tar.gz", hash = "sha256:55ddf5db72bc537bba5f5dbca3ab9f0222ee5b842bda83978eab0b7b8f60fb9e"},
]
pycodestyle = [
    {file = "pycodestyle-2.9.1-py2.py3-none-any.whl", hash = "sha256:d1735fc58b418fd7c5f658d28d943854f8a849b01a5d0a1e6f3f3fdd0166804b"},
    {file = "pycodestyle-2.9.1.tar.gz", hash = "sha256:2c9607871d58c76354b697b42f5d57e1ada7d261c261efac224b664affdc5785"},
]
pydub = [
    {file = "pydub-0.25.1-py2.py3-none-any.whl", hash = "sha256:65617e33033874b59d87db603aa1ed450633288aefead953b30bded59cb599a6"},
    {file = "pydub-0.25.1.tar.gz", hash = "sha256:980a33ce9949cab2a569606b65674d748ecbca4f0796887fd6f46173a7b0d30f"},
]
pyflakes = [
    {file = "pyflakes-2.5.0-py2.py3-none-any.whl", hash = "sha256:4579f67d887f804e67edb544428f264b7b24f435b263c4614f384135cea553d2"},
    {file = "pyflakes-2.5.0.tar.gz", hash = "sha256:491feb020dca48ccc562a8c0cbe8df07ee13078df59813b83959cbdada312ea3"},
]
pygments = [
    {file = "Pygments-2.13.0-py3-none-any.whl", hash = "sha256:f643f331ab57ba3c9d89212ee4a2dabc6e94f117cf4eefde99a0574720d14c42"},
    {file = "Pygments-2.13.0.tar.gz", hash = "sha256:56a8508ae95f98e2b9bdf93a6be5ae3f7d8af858b43e02c5a2ff083726be40c1"},
]
pyside6 = [
    {file = "PySide6-6.4.1-cp37-abi3-macosx_10_9_universal2.whl", hash = "sha256:a5e56ce84db3453a1522d7bebaeb161f3c95fd5eeeb159f76e79615294772e8a"},
    {file = "PySide6-6.4.1-cp37-abi3-manylinux_2_28_x86_64.whl", hash = "sha256:e0730024e682dd98ec3637432c98bf682bc8f3e64083acf681a62a1a1a9e2beb"},
    {file = "PySide6-6.4.1-cp37-abi3-win_amd64.whl", hash = "sha256:c9674ccb1c36e60c458c4a14edbfecf72a331430e18501f7b667f9db496291df"},
    {file = "PySide6-6.4.1-pp39-pypy39_pp73-macosx_10_9_universal2.whl", hash = "sha256:357af1b85febe54f8c9c3b785ac8d869d40a024bded765525e46cd2b99f6b53a"},
    {file = "PySide6-6.4.1-pp39-pypy39_pp73-manylinux_2_28_x86_64.whl", hash = "sha256:03261b61652c0a45ccfb6f34cbbcb3449490926401e9e150b528a862a9f97a95"},
    {file = "PySide6-6.4.1-pp39-pypy39_pp73-win_amd64.whl", hash = "sha256:88ad906b21a6db13f5046ebec5247972cff5559aa6d462465600c8bc2655d491"},
]
pyside6-addons = [
    {file = "PySide6_Addons-6.4.1-cp37-abi3-macosx_10_9_universal2.whl", hash = "sha256:6174d39112ad3ec5fbc86aaaccda71756d8809e716a86bb09e38ed3dcae6d952"},
    {file = "PySide6_Addons-6.4.1-cp37-abi3-manylinux_2_28_x86_64.whl", hash = "sha256:4530b6b46cec721eb0a3960f2cb618e17ef100ee5b0cbfa95201e87bd4a6b3e8"},
    {file = "PySide6_Addons-6.4.1-cp37-abi3-win_amd64.whl", hash = "sha256:91873aaefa01736bf39148b19fc62ab824000e9cdd1db9ebf98b5e0712f0f946"},
    {file = "PySide6_Addons-6.4.1-pp39-pypy39_pp73-macosx_10_9_universal2.whl", hash = "sha256:aa87ade042bfde316479f2dddbc2c66000a0e65ff5bd24291375a21758e07d36"},
    {file = "PySide6_Addons-6.4.1-pp39-pypy39_pp73-manylinux_2_28_x86_64.whl", hash = "sha256:d0daf2b685a28f51d2880478b1fd3441c943f8ecfbd41b7dbea3563eb78e8913"},
    {file = "PySide6_Addons-6.4.1-pp39-pypy39_pp73-win_amd64.whl", hash = "sha256:509ae75aabaf191b07e8e1819efaba1a8bfeda692efbfb8eb5adbfcc8a534d35"},
]
pyside6-essentials = [
    {file = "PySide6_Essentials-6.4.1-cp37-abi3-macosx_10_9_universal2.whl", hash = "sha256:f980e9c8ee9b2304d6c71e499e96f351c82e28cbfcf6cc6cde0feffd706af330"},
    {file = "PySide6_Essentials-6.4.1-cp37-abi3-manylinux_2_28_x86_64.whl", hash = "sha256:457d73bb38cf7fb573a24da00ecb9aa7b8cf6a4cb5cc8ffcce2c241502a6e774"},
    {file = "PySide6_Essentials-6.4.1-cp37-abi3-win_amd64.whl", hash = "sha256:0d3052ab72daebc15381fb095b673dd75cf4d2f1dc8680b7aabe27537cdde352"},
    {file = "PySide6_Essentials-6.4.1-pp39-pypy39_pp73-macosx_10_9_universal2.whl", hash = "sha256:3b36d605f28b742dfc676816d440ba6baa51c6f31dd2dbf3a44e28edcf006523"},
    {file = "PySide6_Essentials-6.4.1-pp39-pypy39_pp73-manylinux_2_28_x86_64.whl", hash = "sha256:aadd06c09dc51e5894d2fce70210906ce7d981686ceddfff69c47e4227bc1706"},
    {file = "PySide6_Essentials-6.4.1-pp39-pypy39_pp73-win_amd64.whl", hash = "sha256:4cade08b091a128ca5567a8d23fd25b1825dc18648cfb71dd002f0935ee4c3cc"},
]
shiboken6 = [
    {file = "shiboken6-6.4.1-cp37-abi3-macosx_10_9_universal2.whl", hash = "sha256:6d61061df739e5ed9595f925e4d1de9c98bdabb995ee29d0be88a873a6171e85"},
    {file = "shiboken6-6.4.1-cp37-abi3-manylinux_2_28_x86_64.whl", hash = "sha256:41e67b67f65626bdd909f9c5fd5f80231ee6ae43418b331590ba225b3cfabd5b"},
    {file = "shiboken6-6.4.1-cp37-abi3-win_amd64.whl", hash = "sha256:ed6158e8abe4a28530fba27c367dd78038d338f27d44cc8b863cf1fdb8977f2e"},
    {file = "shiboken6-6.4.1-pp39-pypy39_pp73-macosx_10_9_universal2.whl", hash = "sha256:1c3efc307ed20bf9cea5ceafc089032b33aba95297f70e469b5a19f1070eb1e8"},
    {file = "shiboken6-6.4.1-pp39-pypy39_pp73-manylinux_2_28_x86_64.whl", hash = "sha256:7cee2cb6becd29e55913468602fa90554895ad38448d57f1d2ebe681014b087d"},
    {file = "shiboken6-6.4.1-pp39-pypy39_pp73-win_amd64.whl", hash = "sha256:44f81fe7faa4ee3a313e687c8a4852bba454116822e76f80339b2aa0512cfc6a"},
]
six = [
    {file = "six-1.16.0-py2.py3-none-any.whl", hash = "sha256:8abb2f1d86890a2dfb989f9a77cfcfd3e47c2a354b01111771326f8aa26e0254"},
    {file = "six-1.16.0.tar.gz", hash = "sha256:1e61c37477a1626458e36f7b1d82aa5c9b094fa4802892072e49de9c60c4c926"},
]
stack-data = [
    {file = "stack_data-0.6.2-py3-none-any.whl", hash = "sha256:cbb2a53eb64e5785878201a97ed7c7b94883f48b87bfb0bbe8b623c74679e4a8"},
    {file = "stack_data-0.6.2.tar.gz", hash = "sha256:32d2dd0376772d01b6cb9fc996f3c8b57a357089dec328ed4b6553d037eaf815"},
]
traitlets = [
    {file = "traitlets-5.5.0-py3-none-any.whl", hash = "sha256:1201b2c9f76097195989cdf7f65db9897593b0dfd69e4ac96016661bb6f0d30f"},
    {file = "traitlets-5.5.0.tar.gz", hash = "sha256:b122f9ff2f2f6c1709dab289a05555be011c87828e911c0cf4074b85cb780a79"},
]
wcwidth = [
    {file = "wcwidth-0.2.5-py2.py3-none-any.whl", hash = "sha256:beb4802a9cebb9144e99086eff703a642a13d6a0052920003a230f3294bbe784"},
    {file = "wcwidth-0.2.5.tar.gz", hash = "sha256:c4d647b99872929fdb7bdcaa4fbe7f01413ed3d98077df798530e5b04f116c83"},
]
